
Microsoft Visual Studio Solution File, Format Version 12.00
# Visual Studio Version 17
VisualStudioVersion = 17.7.34202.233
MinimumVisualStudioVersion = 10.0.40219.1
Project("{FAE04EC0-301F-11D3-BF4B-00C04F79EFBC}") = "Uppgift 4.8", "Uppgift 4.8\Uppgift 4.8.csproj", "{5CA74240-A703-4A01-8EDB-698473CABD29}"
EndProject
Global
	GlobalSection(SolutionConfigurationPlatforms) = preSolution
		Debug|Any CPU = Debug|Any CPU
		Release|Any CPU = Release|Any CPU
	EndGlobalSection
	GlobalSection(ProjectConfigurationPlatforms) = postSolution
		{5CA74240-A703-4A01-8EDB-698473CABD29}.Debug|Any CPU.ActiveCfg = Debug|Any CPU
		{5CA74240-A703-4A01-8EDB-698473CABD29}.Debug|Any CPU.Build.0 = Debug|Any CPU
		{5CA74240-A703-4A01-8EDB-698473CABD29}.Release|Any CPU.ActiveCfg = Release|Any CPU
		{5CA74240-A703-4A01-8EDB-698473CABD29}.Release|Any CPU.Build.0 = Release|Any CPU
	EndGlobalSection
	GlobalSection(SolutionProperties) = preSolution
		HideSolutionNode = FALSE
	EndGlobalSection
	GlobalSection(ExtensibilityGlobals) = postSolution
		SolutionGuid = {66615092-5938-4FC5-8434-38625A336117}
	EndGlobalSection
EndGlobal
